
Microsoft Visual Studio Solution File, Format Version 12.00
# Visual Studio Version 17
VisualStudioVersion = 17.0.31903.59
MinimumVisualStudioVersion = 10.0.40219.1
Project("{8BC9CEB8-8B4A-11D0-8D11-00A0C91BC942}") = "PZ_1", "PZ_1\PZ_1.vcxproj", "{1C42A7B3-20BF-4AF1-8BF4-C5EA48E1AF47}"
EndProject
Project("{8BC9CEB8-8B4A-11D0-8D11-00A0C91BC942}") = "PZ_2", "PZ_2\PZ_2.vcxproj", "{99CC0FDA-F4ED-4188-82ED-AEA47953ACBC}"
EndProject
Project("{8BC9CEB8-8B4A-11D0-8D11-00A0C91BC942}") = "PZ_3", "PZ_3\PZ_3.vcxproj", "{A9E8B790-0714-4BBD-9F3D-69CA7399D3F2}"
EndProject
Global
	GlobalSection(SolutionConfigurationPlatforms) = preSolution
		Debug|x64 = Debug|x64
		Debug|x86 = Debug|x86
		Release|x64 = Release|x64
		Release|x86 = Release|x86
	EndGlobalSection
	GlobalSection(ProjectConfigurationPlatforms) = postSolution
		{1C42A7B3-20BF-4AF1-8BF4-C5EA48E1AF47}.Debug|x64.ActiveCfg = Debug|x64
		{1C42A7B3-20BF-4AF1-8BF4-C5EA48E1AF47}.Debug|x64.Build.0 = Debug|x64
		{1C42A7B3-20BF-4AF1-8BF4-C5EA48E1AF47}.Debug|x86.ActiveCfg = Debug|Win32
		{1C42A7B3-20BF-4AF1-8BF4-C5EA48E1AF47}.Debug|x86.Build.0 = Debug|Win32
		{1C42A7B3-20BF-4AF1-8BF4-C5EA48E1AF47}.Release|x64.ActiveCfg = Release|x64
		{1C42A7B3-20BF-4AF1-8BF4-C5EA48E1AF47}.Release|x64.Build.0 = Release|x64
		{1C42A7B3-20BF-4AF1-8BF4-C5EA48E1AF47}.Release|x86.ActiveCfg = Release|Win32
		{1C42A7B3-20BF-4AF1-8BF4-C5EA48E1AF47}.Release|x86.Build.0 = Release|Win32
		{99CC0FDA-F4ED-4188-82ED-AEA47953ACBC}.Debug|x64.ActiveCfg = Debug|x64
		{99CC0FDA-F4ED-4188-82ED-AEA47953ACBC}.Debug|x64.Build.0 = Debug|x64
		{99CC0FDA-F4ED-4188-82ED-AEA47953ACBC}.Debug|x86.ActiveCfg = Debug|Win32
		{99CC0FDA-F4ED-4188-82ED-AEA47953ACBC}.Debug|x86.Build.0 = Debug|Win32
		{99CC0FDA-F4ED-4188-82ED-AEA47953ACBC}.Release|x64.ActiveCfg = Release|x64
		{99CC0FDA-F4ED-4188-82ED-AEA47953ACBC}.Release|x64.Build.0 = Release|x64
		{99CC0FDA-F4ED-4188-82ED-AEA47953ACBC}.Release|x86.ActiveCfg = Release|Win32
		{99CC0FDA-F4ED-4188-82ED-AEA47953ACBC}.Release|x86.Build.0 = Release|Win32
		{A9E8B790-0714-4BBD-9F3D-69CA7399D3F2}.Debug|x64.ActiveCfg = Debug|x64
		{A9E8B790-0714-4BBD-9F3D-69CA7399D3F2}.Debug|x64.Build.0 = Debug|x64
		{A9E8B790-0714-4BBD-9F3D-69CA7399D3F2}.Debug|x86.ActiveCfg = Debug|Win32
		{A9E8B790-0714-4BBD-9F3D-69CA7399D3F2}.Debug|x86.Build.0 = Debug|Win32
		{A9E8B790-0714-4BBD-9F3D-69CA7399D3F2}.Release|x64.ActiveCfg = Release|x64
		{A9E8B790-0714-4BBD-9F3D-69CA7399D3F2}.Release|x64.Build.0 = Release|x64
		{A9E8B790-0714-4BBD-9F3D-69CA7399D3F2}.Release|x86.ActiveCfg = Release|Win32
		{A9E8B790-0714-4BBD-9F3D-69CA7399D3F2}.Release|x86.Build.0 = Release|Win32
	EndGlobalSection
	GlobalSection(SolutionProperties) = preSolution
		HideSolutionNode = FALSE
	EndGlobalSection
	GlobalSection(ExtensibilityGlobals) = postSolution
		SolutionGuid = {14E2F1EE-3F9E-472A-8EFB-603F1CC36027}
	EndGlobalSection
EndGlobal
